// !$*UTF8*$!
{
	archiveVersion = 1;
	classes = {
	};
	objectVersion = 48;
	objects = {

/* Begin PBXBuildFile section */
		213DF98120AB3E5B006F5C1F /* BBSWindowWithStatusBarUnderlay.swift in Sources */ = {isa = PBXBuildFile; fileRef = 213DF98020AB3E5B006F5C1F /* BBSWindowWithStatusBarUnderlay.swift */; };
		2142FAE720ACA3A300D76153 /* WeiboModel.swift in Sources */ = {isa = PBXBuildFile; fileRef = 2142FAE620ACA3A300D76153 /* WeiboModel.swift */; };
		21597CAE20B2FD11006A9844 /* BaseModel.swift in Sources */ = {isa = PBXBuildFile; fileRef = 21597CAD20B2FD11006A9844 /* BaseModel.swift */; };
		21597CB020B36044006A9844 /* UIApplication+BBSHelper.swift in Sources */ = {isa = PBXBuildFile; fileRef = 21597CAF20B36044006A9844 /* UIApplication+BBSHelper.swift */; };
		21597CB220B37ADB006A9844 /* UserModel.swift in Sources */ = {isa = PBXBuildFile; fileRef = 21597CB120B37ADB006A9844 /* UserModel.swift */; };
		21D3508B2078FF3200474072 /* AppDelegate.swift in Sources */ = {isa = PBXBuildFile; fileRef = 21D3508A2078FF3200474072 /* AppDelegate.swift */; };
		21D350902078FF3200474072 /* Main.storyboard in Resources */ = {isa = PBXBuildFile; fileRef = 21D3508E2078FF3200474072 /* Main.storyboard */; };
		21D350922078FF3200474072 /* Assets.xcassets in Resources */ = {isa = PBXBuildFile; fileRef = 21D350912078FF3200474072 /* Assets.xcassets */; };
		21D350952078FF3200474072 /* LaunchScreen.storyboard in Resources */ = {isa = PBXBuildFile; fileRef = 21D350932078FF3200474072 /* LaunchScreen.storyboard */; };
		21D350A02078FF3200474072 /* HNUSimpleBBSTests.swift in Sources */ = {isa = PBXBuildFile; fileRef = 21D3509F2078FF3200474072 /* HNUSimpleBBSTests.swift */; };
		21D350AB2078FF3200474072 /* HNUSimpleBBSUITests.swift in Sources */ = {isa = PBXBuildFile; fileRef = 21D350AA2078FF3200474072 /* HNUSimpleBBSUITests.swift */; };
		21D350CE2079B50B00474072 /* HomeViewController.swift in Sources */ = {isa = PBXBuildFile; fileRef = 21D350CD2079B50B00474072 /* HomeViewController.swift */; };
		21D350D02079B75600474072 /* RootViewController.swift in Sources */ = {isa = PBXBuildFile; fileRef = 21D350CF2079B75600474072 /* RootViewController.swift */; };
		21D350D22079B79000474072 /* Cartfile in Resources */ = {isa = PBXBuildFile; fileRef = 21D350D12079B79000474072 /* Cartfile */; };
		21D350D42079B7B800474072 /* MessageViewController.swift in Sources */ = {isa = PBXBuildFile; fileRef = 21D350D32079B7B800474072 /* MessageViewController.swift */; };
		21D350D62079B7E600474072 /* MineViewController.swift in Sources */ = {isa = PBXBuildFile; fileRef = 21D350D52079B7E600474072 /* MineViewController.swift */; };
		21D350D82079B81000474072 /* HomeNewsCell.swift in Sources */ = {isa = PBXBuildFile; fileRef = 21D350D72079B81000474072 /* HomeNewsCell.swift */; };
		21D350DA2079BB4D00474072 /* BaseViewModel.swift in Sources */ = {isa = PBXBuildFile; fileRef = 21D350D92079BB4D00474072 /* BaseViewModel.swift */; };
		21F061AB20B3CE6900EFA1A1 /* CommentModel.swift in Sources */ = {isa = PBXBuildFile; fileRef = 21F061AA20B3CE6900EFA1A1 /* CommentModel.swift */; };
		21F061AD20B3CF5900EFA1A1 /* MessageViewModel.swift in Sources */ = {isa = PBXBuildFile; fileRef = 21F061AC20B3CF5900EFA1A1 /* MessageViewModel.swift */; };
		21F061AF20B3DD5600EFA1A1 /* MessageNormalCell.swift in Sources */ = {isa = PBXBuildFile; fileRef = 21F061AE20B3DD5600EFA1A1 /* MessageNormalCell.swift */; };
		21F061B120B4F6B900EFA1A1 /* UINavigationController+BBSHelper.swift in Sources */ = {isa = PBXBuildFile; fileRef = 21F061B020B4F6B900EFA1A1 /* UINavigationController+BBSHelper.swift */; };
		21F061B320B5A86E00EFA1A1 /* MessageDetailViewController.swift in Sources */ = {isa = PBXBuildFile; fileRef = 21F061B220B5A86E00EFA1A1 /* MessageDetailViewController.swift */; };
		21F061B520B681FB00EFA1A1 /* BBSMessageFooterView.swift in Sources */ = {isa = PBXBuildFile; fileRef = 21F061B420B681FB00EFA1A1 /* BBSMessageFooterView.swift */; };
		21F061B720B7F00200EFA1A1 /* MessageDetailHeaderView.swift in Sources */ = {isa = PBXBuildFile; fileRef = 21F061B620B7F00200EFA1A1 /* MessageDetailHeaderView.swift */; };
		21F061B920B83CE500EFA1A1 /* String+BBSHelper.swift in Sources */ = {isa = PBXBuildFile; fileRef = 21F061B820B83CE500EFA1A1 /* String+BBSHelper.swift */; };
		21FC507F20BD99D2002E40BC /* MessageCommentCell.swift in Sources */ = {isa = PBXBuildFile; fileRef = 21FC507E20BD99D2002E40BC /* MessageCommentCell.swift */; };
		21FC508120BDA4AF002E40BC /* MessageCommentHeaderView.swift in Sources */ = {isa = PBXBuildFile; fileRef = 21FC508020BDA4AF002E40BC /* MessageCommentHeaderView.swift */; };
		21FC508520BE73BD002E40BC /* MessageReplyView.swift in Sources */ = {isa = PBXBuildFile; fileRef = 21FC508420BE73BD002E40BC /* MessageReplyView.swift */; };
		21FC508720BE838B002E40BC /* SettingViewController.swift in Sources */ = {isa = PBXBuildFile; fileRef = 21FC508620BE838B002E40BC /* SettingViewController.swift */; };
		21FC508920BEBA6F002E40BC /* BBSTextView.swift in Sources */ = {isa = PBXBuildFile; fileRef = 21FC508820BEBA6E002E40BC /* BBSTextView.swift */; };
		21FC508B20BFA108002E40BC /* FakeModelCreator.swift in Sources */ = {isa = PBXBuildFile; fileRef = 21FC508A20BFA108002E40BC /* FakeModelCreator.swift */; };
		21FC508D20BFEEE6002E40BC /* MineNameInputView.swift in Sources */ = {isa = PBXBuildFile; fileRef = 21FC508C20BFEEE6002E40BC /* MineNameInputView.swift */; };
		DD0DA29F20B12268009931D5 /* FeedViewController.swift in Sources */ = {isa = PBXBuildFile; fileRef = DD0DA29E20B12268009931D5 /* FeedViewController.swift */; };
		DD0DA2A120B13C5D009931D5 /* TailLoadingNode.swift in Sources */ = {isa = PBXBuildFile; fileRef = DD0DA2A020B13C5D009931D5 /* TailLoadingNode.swift */; };
		DD0DA2A320B13C9A009931D5 /* WeiboCellNode.swift in Sources */ = {isa = PBXBuildFile; fileRef = DD0DA2A220B13C9A009931D5 /* WeiboCellNode.swift */; };
		DD0DA2A520B145FF009931D5 /* UIImage+BBSHelper.swift in Sources */ = {isa = PBXBuildFile; fileRef = DD0DA2A420B145FF009931D5 /* UIImage+BBSHelper.swift */; };
		DD0DA2A720B149BB009931D5 /* NSAttributedString+BBSHelper.swift in Sources */ = {isa = PBXBuildFile; fileRef = DD0DA2A620B149BB009931D5 /* NSAttributedString+BBSHelper.swift */; };
		DD11307220B19582003C0DFA /* Network.swift in Sources */ = {isa = PBXBuildFile; fileRef = DD11307120B19582003C0DFA /* Network.swift */; };
		DD11307420B19A93003C0DFA /* FeedHeaderNode.swift in Sources */ = {isa = PBXBuildFile; fileRef = DD11307320B19A93003C0DFA /* FeedHeaderNode.swift */; };
		DD11307620B19D9B003C0DFA /* LoginModuel.swift in Sources */ = {isa = PBXBuildFile; fileRef = DD11307520B19D9B003C0DFA /* LoginModuel.swift */; };
		DD11307D20B1A194003C0DFA /* CustomTransitionViewController.swift in Sources */ = {isa = PBXBuildFile; fileRef = DD11307820B1A192003C0DFA /* CustomTransitionViewController.swift */; };
		DD11307E20B1A194003C0DFA /* FadeTransition.swift in Sources */ = {isa = PBXBuildFile; fileRef = DD11307920B1A192003C0DFA /* FadeTransition.swift */; };
		DD11307F20B1A194003C0DFA /* TransitionButton.swift in Sources */ = {isa = PBXBuildFile; fileRef = DD11307A20B1A193003C0DFA /* TransitionButton.swift */; };
		DD11308020B1A194003C0DFA /* CGRectExtension.swift in Sources */ = {isa = PBXBuildFile; fileRef = DD11307B20B1A193003C0DFA /* CGRectExtension.swift */; };
		DD11308120B1A194003C0DFA /* SpinerLayer.swift in Sources */ = {isa = PBXBuildFile; fileRef = DD11307C20B1A193003C0DFA /* SpinerLayer.swift */; };
		DD11309B20B1A98C003C0DFA /* CritterAnimatable.swift in Sources */ = {isa = PBXBuildFile; fileRef = DD11308520B1A98B003C0DFA /* CritterAnimatable.swift */; };
		DD11309C20B1A98C003C0DFA /* CritterAssets.swift in Sources */ = {isa = PBXBuildFile; fileRef = DD11308620B1A98B003C0DFA /* CritterAssets.swift */; };
		DD11309D20B1A98C003C0DFA /* CritterView.swift in Sources */ = {isa = PBXBuildFile; fileRef = DD11308720B1A98B003C0DFA /* CritterView.swift */; };
		DD11309E20B1A98C003C0DFA /* Body.swift in Sources */ = {isa = PBXBuildFile; fileRef = DD11308920B1A98B003C0DFA /* Body.swift */; };
		DD11309F20B1A98C003C0DFA /* Head.swift in Sources */ = {isa = PBXBuildFile; fileRef = DD11308A20B1A98B003C0DFA /* Head.swift */; };
		DD1130A020B1A98C003C0DFA /* LeftArm.swift in Sources */ = {isa = PBXBuildFile; fileRef = DD11308B20B1A98B003C0DFA /* LeftArm.swift */; };
		DD1130A120B1A98C003C0DFA /* LeftEar.swift in Sources */ = {isa = PBXBuildFile; fileRef = DD11308C20B1A98B003C0DFA /* LeftEar.swift */; };
		DD1130A220B1A98C003C0DFA /* LeftEarMask.swift in Sources */ = {isa = PBXBuildFile; fileRef = DD11308D20B1A98B003C0DFA /* LeftEarMask.swift */; };
		DD1130A320B1A98C003C0DFA /* LeftEye.swift in Sources */ = {isa = PBXBuildFile; fileRef = DD11308E20B1A98B003C0DFA /* LeftEye.swift */; };
		DD1130A420B1A98C003C0DFA /* Mouth.swift in Sources */ = {isa = PBXBuildFile; fileRef = DD11308F20B1A98B003C0DFA /* Mouth.swift */; };
		DD1130A520B1A98C003C0DFA /* Muzzle.swift in Sources */ = {isa = PBXBuildFile; fileRef = DD11309020B1A98B003C0DFA /* Muzzle.swift */; };
		DD1130A620B1A98C003C0DFA /* Nose.swift in Sources */ = {isa = PBXBuildFile; fileRef = DD11309120B1A98B003C0DFA /* Nose.swift */; };
		DD1130A720B1A98C003C0DFA /* RightArm.swift in Sources */ = {isa = PBXBuildFile; fileRef = DD11309220B1A98B003C0DFA /* RightArm.swift */; };
		DD1130A820B1A98C003C0DFA /* RightEar.swift in Sources */ = {isa = PBXBuildFile; fileRef = DD11309320B1A98B003C0DFA /* RightEar.swift */; };
		DD1130A920B1A98C003C0DFA /* RightEarMask.swift in Sources */ = {isa = PBXBuildFile; fileRef = DD11309420B1A98B003C0DFA /* RightEarMask.swift */; };
		DD1130AA20B1A98C003C0DFA /* RightEye.swift in Sources */ = {isa = PBXBuildFile; fileRef = DD11309520B1A98B003C0DFA /* RightEye.swift */; };
		DD1130AB20B1A98C003C0DFA /* LoginViewController.swift in Sources */ = {isa = PBXBuildFile; fileRef = DD11309620B1A98B003C0DFA /* LoginViewController.swift */; };
		DD1130AC20B1A98C003C0DFA /* CATransform3D+Helper.swift in Sources */ = {isa = PBXBuildFile; fileRef = DD11309820B1A98C003C0DFA /* CATransform3D+Helper.swift */; };
		DD1130AD20B1A98C003C0DFA /* Degree.swift in Sources */ = {isa = PBXBuildFile; fileRef = DD11309920B1A98C003C0DFA /* Degree.swift */; };
		DD1130AE20B1A98C003C0DFA /* UIColors+ColorPallete.swift in Sources */ = {isa = PBXBuildFile; fileRef = DD11309A20B1A98C003C0DFA /* UIColors+ColorPallete.swift */; };
		DD1130B020B1B78C003C0DFA /* BBSNavigationViewController.swift in Sources */ = {isa = PBXBuildFile; fileRef = DD1130AF20B1B78C003C0DFA /* BBSNavigationViewController.swift */; };
		DD3C9E7920A97E030097FF4B /* BBSNavigationBar.swift in Sources */ = {isa = PBXBuildFile; fileRef = DD3C9E7820A97E030097FF4B /* BBSNavigationBar.swift */; };
		DD3C9E7B20A986200097FF4B /* BBSViewController.swift in Sources */ = {isa = PBXBuildFile; fileRef = DD3C9E7A20A986200097FF4B /* BBSViewController.swift */; };
		DD6E726820B28AD60009AA9A /* iToast.swift in Sources */ = {isa = PBXBuildFile; fileRef = DD6E726720B28AD60009AA9A /* iToast.swift */; };
		DD7A9EE520AD222A00ABE736 /* BBSTabbar.swift in Sources */ = {isa = PBXBuildFile; fileRef = DD7A9EE420AD222A00ABE736 /* BBSTabbar.swift */; };
		DD7A9F1F20AE971500ABE736 /* WeiboViewModel.swift in Sources */ = {isa = PBXBuildFile; fileRef = DD7A9F1E20AE971500ABE736 /* WeiboViewModel.swift */; };
		DD7A9F2120AEAC6800ABE736 /* WeiboFeedSectionController.swift in Sources */ = {isa = PBXBuildFile; fileRef = DD7A9F2020AEAC6800ABE736 /* WeiboFeedSectionController.swift */; };
		DD7A9F2320AEACEC00ABE736 /* BaseSectionController.swift in Sources */ = {isa = PBXBuildFile; fileRef = DD7A9F2220AEACEC00ABE736 /* BaseSectionController.swift */; };
		DD7A9F7420B02BA200ABE736 /* DispatchQueue+OnceToken.swift in Sources */ = {isa = PBXBuildFile; fileRef = DD7A9F6B20B02BA200ABE736 /* DispatchQueue+OnceToken.swift */; };
		DD7A9F7520B02BA200ABE736 /* UIColor+BBSHelper.swift in Sources */ = {isa = PBXBuildFile; fileRef = DD7A9F6C20B02BA200ABE736 /* UIColor+BBSHelper.swift */; };
		DD7A9F7620B02BA200ABE736 /* UIDevice+BBSHelper.swift in Sources */ = {isa = PBXBuildFile; fileRef = DD7A9F6D20B02BA200ABE736 /* UIDevice+BBSHelper.swift */; };
		DD7A9F7720B02BA200ABE736 /* UIScrollView+BBSMJRefresh.swift in Sources */ = {isa = PBXBuildFile; fileRef = DD7A9F6E20B02BA200ABE736 /* UIScrollView+BBSMJRefresh.swift */; };
		DD7A9F7820B02BA200ABE736 /* UIView+BBSHelper.swift in Sources */ = {isa = PBXBuildFile; fileRef = DD7A9F6F20B02BA200ABE736 /* UIView+BBSHelper.swift */; };
		DD7A9F7920B02BA200ABE736 /* UIView+Coordinate.swift in Sources */ = {isa = PBXBuildFile; fileRef = DD7A9F7020B02BA200ABE736 /* UIView+Coordinate.swift */; };
		DD7A9F7A20B02BA200ABE736 /* UIViewController+BBSSupport.swift in Sources */ = {isa = PBXBuildFile; fileRef = DD7A9F7120B02BA200ABE736 /* UIViewController+BBSSupport.swift */; };
		DD7A9F7C20B02C1300ABE736 /* PublishMessageViewController.swift in Sources */ = {isa = PBXBuildFile; fileRef = DD7A9F7B20B02C1300ABE736 /* PublishMessageViewController.swift */; };
		DD7A9F8320B03A0C00ABE736 /* BBSSegmentControl.swift in Sources */ = {isa = PBXBuildFile; fileRef = DD7A9F8220B03A0C00ABE736 /* BBSSegmentControl.swift */; };
		DD7A9F8520B03E3200ABE736 /* UIFont+BBSHelper.swift in Sources */ = {isa = PBXBuildFile; fileRef = DD7A9F8420B03E3200ABE736 /* UIFont+BBSHelper.swift */; };
		DDA3D98E20AB0A1A008F5737 /* BBSCommon.swift in Sources */ = {isa = PBXBuildFile; fileRef = DDA3D98D20AB0A1A008F5737 /* BBSCommon.swift */; };
		DDA3D99520AC3B3C008F5737 /* Then.swift in Sources */ = {isa = PBXBuildFile; fileRef = DDA3D99420AC3B3C008F5737 /* Then.swift */; };
		DDA3D99720AD11CD008F5737 /* ScheduleViewController.swift in Sources */ = {isa = PBXBuildFile; fileRef = DDA3D99620AD11CD008F5737 /* ScheduleViewController.swift */; };
		F1523913E955FA98C540BA0E /* libPods-HNUSimpleBBS.a in Frameworks */ = {isa = PBXBuildFile; fileRef = 4246BF64B4F650EB68FDE5E9 /* libPods-HNUSimpleBBS.a */; };
/* End PBXBuildFile section */

/* Begin PBXContainerItemProxy section */
		21D3509C2078FF3200474072 /* PBXContainerItemProxy */ = {
			isa = PBXContainerItemProxy;
			containerPortal = 21D3507F2078FF3200474072 /* Project object */;
			proxyType = 1;
			remoteGlobalIDString = 21D350862078FF3200474072;
			remoteInfo = HNUSimpleBBS;
		};
		21D350A72078FF3200474072 /* PBXContainerItemProxy */ = {
			isa = PBXContainerItemProxy;
			containerPortal = 21D3507F2078FF3200474072 /* Project object */;
			proxyType = 1;
			remoteGlobalIDString = 21D350862078FF3200474072;
			remoteInfo = HNUSimpleBBS;
		};
/* End PBXContainerItemProxy section */

/* Begin PBXFileReference section */
		213DF98020AB3E5B006F5C1F /* BBSWindowWithStatusBarUnderlay.swift */ = {isa = PBXFileReference; lastKnownFileType = sourcecode.swift; path = BBSWindowWithStatusBarUnderlay.swift; sourceTree = "<group>"; };
		2142FAE620ACA3A300D76153 /* WeiboModel.swift */ = {isa = PBXFileReference; lastKnownFileType = sourcecode.swift; name = WeiboModel.swift; path = HNUSimpleBBS/Class/Model/WeiboModel.swift; sourceTree = SOURCE_ROOT; };
		21597CAD20B2FD11006A9844 /* BaseModel.swift */ = {isa = PBXFileReference; lastKnownFileType = sourcecode.swift; path = BaseModel.swift; sourceTree = "<group>"; };
		21597CAF20B36044006A9844 /* UIApplication+BBSHelper.swift */ = {isa = PBXFileReference; lastKnownFileType = sourcecode.swift; path = "UIApplication+BBSHelper.swift"; sourceTree = "<group>"; };
		21597CB120B37ADB006A9844 /* UserModel.swift */ = {isa = PBXFileReference; lastKnownFileType = sourcecode.swift; path = UserModel.swift; sourceTree = "<group>"; };
		21D350872078FF3200474072 /* HNUSimpleBBS.app */ = {isa = PBXFileReference; explicitFileType = wrapper.application; includeInIndex = 0; path = HNUSimpleBBS.app; sourceTree = BUILT_PRODUCTS_DIR; };
		21D3508A2078FF3200474072 /* AppDelegate.swift */ = {isa = PBXFileReference; lastKnownFileType = sourcecode.swift; path = AppDelegate.swift; sourceTree = "<group>"; };
		21D3508F2078FF3200474072 /* Base */ = {isa = PBXFileReference; lastKnownFileType = file.storyboard; name = Base; path = Base.lproj/Main.storyboard; sourceTree = "<group>"; };
		21D350912078FF3200474072 /* Assets.xcassets */ = {isa = PBXFileReference; lastKnownFileType = folder.assetcatalog; path = Assets.xcassets; sourceTree = "<group>"; };
		21D350942078FF3200474072 /* Base */ = {isa = PBXFileReference; lastKnownFileType = file.storyboard; name = Base; path = Base.lproj/LaunchScreen.storyboard; sourceTree = "<group>"; };
		21D350962078FF3200474072 /* Info.plist */ = {isa = PBXFileReference; lastKnownFileType = text.plist.xml; path = Info.plist; sourceTree = "<group>"; };
		21D3509B2078FF3200474072 /* HNUSimpleBBSTests.xctest */ = {isa = PBXFileReference; explicitFileType = wrapper.cfbundle; includeInIndex = 0; path = HNUSimpleBBSTests.xctest; sourceTree = BUILT_PRODUCTS_DIR; };
		21D3509F2078FF3200474072 /* HNUSimpleBBSTests.swift */ = {isa = PBXFileReference; lastKnownFileType = sourcecode.swift; path = HNUSimpleBBSTests.swift; sourceTree = "<group>"; };
		21D350A12078FF3200474072 /* Info.plist */ = {isa = PBXFileReference; lastKnownFileType = text.plist.xml; path = Info.plist; sourceTree = "<group>"; };
		21D350A62078FF3200474072 /* HNUSimpleBBSUITests.xctest */ = {isa = PBXFileReference; explicitFileType = wrapper.cfbundle; includeInIndex = 0; path = HNUSimpleBBSUITests.xctest; sourceTree = BUILT_PRODUCTS_DIR; };
		21D350AA2078FF3200474072 /* HNUSimpleBBSUITests.swift */ = {isa = PBXFileReference; lastKnownFileType = sourcecode.swift; path = HNUSimpleBBSUITests.swift; sourceTree = "<group>"; };
		21D350AC2078FF3200474072 /* Info.plist */ = {isa = PBXFileReference; lastKnownFileType = text.plist.xml; path = Info.plist; sourceTree = "<group>"; };
		21D350B82079B43A00474072 /* Alamofire.framework */ = {isa = PBXFileReference; lastKnownFileType = wrapper.framework; name = Alamofire.framework; path = Carthage/Build/iOS/Alamofire.framework; sourceTree = "<group>"; };
		21D350BA2079B43F00474072 /* IQKeyboardManager.framework */ = {isa = PBXFileReference; lastKnownFileType = wrapper.framework; name = IQKeyboardManager.framework; path = Carthage/Build/iOS/IQKeyboardManager.framework; sourceTree = "<group>"; };
		21D350BC2079B45000474072 /* IQKeyboardManagerSwift.framework */ = {isa = PBXFileReference; lastKnownFileType = wrapper.framework; name = IQKeyboardManagerSwift.framework; path = Carthage/Build/iOS/IQKeyboardManagerSwift.framework; sourceTree = "<group>"; };
		21D350BE2079B45400474072 /* Kingfisher.framework */ = {isa = PBXFileReference; lastKnownFileType = wrapper.framework; name = Kingfisher.framework; path = Carthage/Build/iOS/Kingfisher.framework; sourceTree = "<group>"; };
		21D350C02079B45A00474072 /* MBProgressHUD.framework */ = {isa = PBXFileReference; lastKnownFileType = wrapper.framework; name = MBProgressHUD.framework; path = Carthage/Build/iOS/MBProgressHUD.framework; sourceTree = "<group>"; };
		21D350C22079B45F00474072 /* ObjectMapper.framework */ = {isa = PBXFileReference; lastKnownFileType = wrapper.framework; name = ObjectMapper.framework; path = Carthage/Build/iOS/ObjectMapper.framework; sourceTree = "<group>"; };
		21D350C42079B46500474072 /* Observable.framework */ = {isa = PBXFileReference; lastKnownFileType = wrapper.framework; name = Observable.framework; path = Carthage/Build/iOS/Observable.framework; sourceTree = "<group>"; };
		21D350C62079B46A00474072 /* SwiftyJSON.framework */ = {isa = PBXFileReference; lastKnownFileType = wrapper.framework; name = SwiftyJSON.framework; path = Carthage/Build/iOS/SwiftyJSON.framework; sourceTree = "<group>"; };
		21D350CD2079B50B00474072 /* HomeViewController.swift */ = {isa = PBXFileReference; lastKnownFileType = sourcecode.swift; path = HomeViewController.swift; sourceTree = "<group>"; };
		21D350CF2079B75600474072 /* RootViewController.swift */ = {isa = PBXFileReference; lastKnownFileType = sourcecode.swift; path = RootViewController.swift; sourceTree = "<group>"; };
		21D350D12079B79000474072 /* Cartfile */ = {isa = PBXFileReference; fileEncoding = 4; lastKnownFileType = text; path = Cartfile; sourceTree = SOURCE_ROOT; };
		21D350D32079B7B800474072 /* MessageViewController.swift */ = {isa = PBXFileReference; lastKnownFileType = sourcecode.swift; path = MessageViewController.swift; sourceTree = "<group>"; };
		21D350D52079B7E600474072 /* MineViewController.swift */ = {isa = PBXFileReference; lastKnownFileType = sourcecode.swift; path = MineViewController.swift; sourceTree = "<group>"; };
		21D350D72079B81000474072 /* HomeNewsCell.swift */ = {isa = PBXFileReference; lastKnownFileType = sourcecode.swift; path = HomeNewsCell.swift; sourceTree = "<group>"; };
		21D350D92079BB4D00474072 /* BaseViewModel.swift */ = {isa = PBXFileReference; lastKnownFileType = sourcecode.swift; path = BaseViewModel.swift; sourceTree = "<group>"; };
		21F061AA20B3CE6900EFA1A1 /* CommentModel.swift */ = {isa = PBXFileReference; lastKnownFileType = sourcecode.swift; path = CommentModel.swift; sourceTree = "<group>"; };
		21F061AC20B3CF5900EFA1A1 /* MessageViewModel.swift */ = {isa = PBXFileReference; lastKnownFileType = sourcecode.swift; path = MessageViewModel.swift; sourceTree = "<group>"; };
		21F061AE20B3DD5600EFA1A1 /* MessageNormalCell.swift */ = {isa = PBXFileReference; lastKnownFileType = sourcecode.swift; path = MessageNormalCell.swift; sourceTree = "<group>"; };
		21F061B020B4F6B900EFA1A1 /* UINavigationController+BBSHelper.swift */ = {isa = PBXFileReference; lastKnownFileType = sourcecode.swift; path = "UINavigationController+BBSHelper.swift"; sourceTree = "<group>"; };
		21F061B220B5A86E00EFA1A1 /* MessageDetailViewController.swift */ = {isa = PBXFileReference; lastKnownFileType = sourcecode.swift; path = MessageDetailViewController.swift; sourceTree = "<group>"; };
		21F061B420B681FB00EFA1A1 /* BBSMessageFooterView.swift */ = {isa = PBXFileReference; lastKnownFileType = sourcecode.swift; path = BBSMessageFooterView.swift; sourceTree = "<group>"; };
		21F061B620B7F00200EFA1A1 /* MessageDetailHeaderView.swift */ = {isa = PBXFileReference; lastKnownFileType = sourcecode.swift; path = MessageDetailHeaderView.swift; sourceTree = "<group>"; };
		21F061B820B83CE500EFA1A1 /* String+BBSHelper.swift */ = {isa = PBXFileReference; lastKnownFileType = sourcecode.swift; path = "String+BBSHelper.swift"; sourceTree = "<group>"; };
		21FC507E20BD99D2002E40BC /* MessageCommentCell.swift */ = {isa = PBXFileReference; lastKnownFileType = sourcecode.swift; path = MessageCommentCell.swift; sourceTree = "<group>"; };
		21FC508020BDA4AF002E40BC /* MessageCommentHeaderView.swift */ = {isa = PBXFileReference; lastKnownFileType = sourcecode.swift; path = MessageCommentHeaderView.swift; sourceTree = "<group>"; };
		21FC508420BE73BD002E40BC /* MessageReplyView.swift */ = {isa = PBXFileReference; lastKnownFileType = sourcecode.swift; path = MessageReplyView.swift; sourceTree = "<group>"; };
		21FC508620BE838B002E40BC /* SettingViewController.swift */ = {isa = PBXFileReference; lastKnownFileType = sourcecode.swift; path = SettingViewController.swift; sourceTree = "<group>"; };
		21FC508820BEBA6E002E40BC /* BBSTextView.swift */ = {isa = PBXFileReference; lastKnownFileType = sourcecode.swift; path = BBSTextView.swift; sourceTree = "<group>"; };
		21FC508A20BFA108002E40BC /* FakeModelCreator.swift */ = {isa = PBXFileReference; lastKnownFileType = sourcecode.swift; path = FakeModelCreator.swift; sourceTree = "<group>"; };
		21FC508C20BFEEE6002E40BC /* MineNameInputView.swift */ = {isa = PBXFileReference; lastKnownFileType = sourcecode.swift; path = MineNameInputView.swift; sourceTree = "<group>"; };
		4246BF64B4F650EB68FDE5E9 /* libPods-HNUSimpleBBS.a */ = {isa = PBXFileReference; explicitFileType = archive.ar; includeInIndex = 0; path = "libPods-HNUSimpleBBS.a"; sourceTree = BUILT_PRODUCTS_DIR; };
		7DE42458D3AE3E27E7B256BC /* Pods-HNUSimpleBBS.release.xcconfig */ = {isa = PBXFileReference; includeInIndex = 1; lastKnownFileType = text.xcconfig; name = "Pods-HNUSimpleBBS.release.xcconfig"; path = "Pods/Target Support Files/Pods-HNUSimpleBBS/Pods-HNUSimpleBBS.release.xcconfig"; sourceTree = "<group>"; };
		DD0DA29E20B12268009931D5 /* FeedViewController.swift */ = {isa = PBXFileReference; lastKnownFileType = sourcecode.swift; path = FeedViewController.swift; sourceTree = "<group>"; };
		DD0DA2A020B13C5D009931D5 /* TailLoadingNode.swift */ = {isa = PBXFileReference; fileEncoding = 4; lastKnownFileType = sourcecode.swift; path = TailLoadingNode.swift; sourceTree = "<group>"; };
		DD0DA2A220B13C9A009931D5 /* WeiboCellNode.swift */ = {isa = PBXFileReference; fileEncoding = 4; lastKnownFileType = sourcecode.swift; path = WeiboCellNode.swift; sourceTree = "<group>"; };
		DD0DA2A420B145FF009931D5 /* UIImage+BBSHelper.swift */ = {isa = PBXFileReference; lastKnownFileType = sourcecode.swift; path = "UIImage+BBSHelper.swift"; sourceTree = "<group>"; };
		DD0DA2A620B149BB009931D5 /* NSAttributedString+BBSHelper.swift */ = {isa = PBXFileReference; lastKnownFileType = sourcecode.swift; path = "NSAttributedString+BBSHelper.swift"; sourceTree = "<group>"; };
		DD11307120B19582003C0DFA /* Network.swift */ = {isa = PBXFileReference; lastKnownFileType = sourcecode.swift; path = Network.swift; sourceTree = "<group>"; };
		DD11307320B19A93003C0DFA /* FeedHeaderNode.swift */ = {isa = PBXFileReference; lastKnownFileType = sourcecode.swift; path = FeedHeaderNode.swift; sourceTree = "<group>"; };
		DD11307520B19D9B003C0DFA /* LoginModuel.swift */ = {isa = PBXFileReference; lastKnownFileType = sourcecode.swift; path = LoginModuel.swift; sourceTree = "<group>"; };
		DD11307820B1A192003C0DFA /* CustomTransitionViewController.swift */ = {isa = PBXFileReference; fileEncoding = 4; lastKnownFileType = sourcecode.swift; path = CustomTransitionViewController.swift; sourceTree = "<group>"; };
		DD11307920B1A192003C0DFA /* FadeTransition.swift */ = {isa = PBXFileReference; fileEncoding = 4; lastKnownFileType = sourcecode.swift; path = FadeTransition.swift; sourceTree = "<group>"; };
		DD11307A20B1A193003C0DFA /* TransitionButton.swift */ = {isa = PBXFileReference; fileEncoding = 4; lastKnownFileType = sourcecode.swift; path = TransitionButton.swift; sourceTree = "<group>"; };
		DD11307B20B1A193003C0DFA /* CGRectExtension.swift */ = {isa = PBXFileReference; fileEncoding = 4; lastKnownFileType = sourcecode.swift; path = CGRectExtension.swift; sourceTree = "<group>"; };
		DD11307C20B1A193003C0DFA /* SpinerLayer.swift */ = {isa = PBXFileReference; fileEncoding = 4; lastKnownFileType = sourcecode.swift; path = SpinerLayer.swift; sourceTree = "<group>"; };
		DD11308520B1A98B003C0DFA /* CritterAnimatable.swift */ = {isa = PBXFileReference; fileEncoding = 4; lastKnownFileType = sourcecode.swift; path = CritterAnimatable.swift; sourceTree = "<group>"; };
		DD11308620B1A98B003C0DFA /* CritterAssets.swift */ = {isa = PBXFileReference; fileEncoding = 4; lastKnownFileType = sourcecode.swift; path = CritterAssets.swift; sourceTree = "<group>"; };
		DD11308720B1A98B003C0DFA /* CritterView.swift */ = {isa = PBXFileReference; fileEncoding = 4; lastKnownFileType = sourcecode.swift; path = CritterView.swift; sourceTree = "<group>"; };
		DD11308920B1A98B003C0DFA /* Body.swift */ = {isa = PBXFileReference; fileEncoding = 4; lastKnownFileType = sourcecode.swift; path = Body.swift; sourceTree = "<group>"; };
		DD11308A20B1A98B003C0DFA /* Head.swift */ = {isa = PBXFileReference; fileEncoding = 4; lastKnownFileType = sourcecode.swift; path = Head.swift; sourceTree = "<group>"; };
		DD11308B20B1A98B003C0DFA /* LeftArm.swift */ = {isa = PBXFileReference; fileEncoding = 4; lastKnownFileType = sourcecode.swift; path = LeftArm.swift; sourceTree = "<group>"; };
		DD11308C20B1A98B003C0DFA /* LeftEar.swift */ = {isa = PBXFileReference; fileEncoding = 4; lastKnownFileType = sourcecode.swift; path = LeftEar.swift; sourceTree = "<group>"; };
		DD11308D20B1A98B003C0DFA /* LeftEarMask.swift */ = {isa = PBXFileReference; fileEncoding = 4; lastKnownFileType = sourcecode.swift; path = LeftEarMask.swift; sourceTree = "<group>"; };
		DD11308E20B1A98B003C0DFA /* LeftEye.swift */ = {isa = PBXFileReference; fileEncoding = 4; lastKnownFileType = sourcecode.swift; path = LeftEye.swift; sourceTree = "<group>"; };
		DD11308F20B1A98B003C0DFA /* Mouth.swift */ = {isa = PBXFileReference; fileEncoding = 4; lastKnownFileType = sourcecode.swift; path = Mouth.swift; sourceTree = "<group>"; };
		DD11309020B1A98B003C0DFA /* Muzzle.swift */ = {isa = PBXFileReference; fileEncoding = 4; lastKnownFileType = sourcecode.swift; path = Muzzle.swift; sourceTree = "<group>"; };
		DD11309120B1A98B003C0DFA /* Nose.swift */ = {isa = PBXFileReference; fileEncoding = 4; lastKnownFileType = sourcecode.swift; path = Nose.swift; sourceTree = "<group>"; };
		DD11309220B1A98B003C0DFA /* RightArm.swift */ = {isa = PBXFileReference; fileEncoding = 4; lastKnownFileType = sourcecode.swift; path = RightArm.swift; sourceTree = "<group>"; };
		DD11309320B1A98B003C0DFA /* RightEar.swift */ = {isa = PBXFileReference; fileEncoding = 4; lastKnownFileType = sourcecode.swift; path = RightEar.swift; sourceTree = "<group>"; };
		DD11309420B1A98B003C0DFA /* RightEarMask.swift */ = {isa = PBXFileReference; fileEncoding = 4; lastKnownFileType = sourcecode.swift; path = RightEarMask.swift; sourceTree = "<group>"; };
		DD11309520B1A98B003C0DFA /* RightEye.swift */ = {isa = PBXFileReference; fileEncoding = 4; lastKnownFileType = sourcecode.swift; path = RightEye.swift; sourceTree = "<group>"; };
		DD11309620B1A98B003C0DFA /* LoginViewController.swift */ = {isa = PBXFileReference; fileEncoding = 4; lastKnownFileType = sourcecode.swift; path = LoginViewController.swift; sourceTree = "<group>"; };
		DD11309820B1A98C003C0DFA /* CATransform3D+Helper.swift */ = {isa = PBXFileReference; fileEncoding = 4; lastKnownFileType = sourcecode.swift; path = "CATransform3D+Helper.swift"; sourceTree = "<group>"; };
		DD11309920B1A98C003C0DFA /* Degree.swift */ = {isa = PBXFileReference; fileEncoding = 4; lastKnownFileType = sourcecode.swift; path = Degree.swift; sourceTree = "<group>"; };
		DD11309A20B1A98C003C0DFA /* UIColors+ColorPallete.swift */ = {isa = PBXFileReference; fileEncoding = 4; lastKnownFileType = sourcecode.swift; path = "UIColors+ColorPallete.swift"; sourceTree = "<group>"; };
		DD1130AF20B1B78C003C0DFA /* BBSNavigationViewController.swift */ = {isa = PBXFileReference; lastKnownFileType = sourcecode.swift; path = BBSNavigationViewController.swift; sourceTree = "<group>"; };
		DD3C9E7420A9755C0097FF4B /* AsyncDisplayKit.framework */ = {isa = PBXFileReference; lastKnownFileType = wrapper.framework; name = AsyncDisplayKit.framework; path = Carthage/Build/iOS/AsyncDisplayKit.framework; sourceTree = "<group>"; };
		DD3C9E7820A97E030097FF4B /* BBSNavigationBar.swift */ = {isa = PBXFileReference; lastKnownFileType = sourcecode.swift; path = BBSNavigationBar.swift; sourceTree = "<group>"; };
		DD3C9E7A20A986200097FF4B /* BBSViewController.swift */ = {isa = PBXFileReference; lastKnownFileType = sourcecode.swift; path = BBSViewController.swift; sourceTree = "<group>"; };
		DD3C9E7D20A990F50097FF4B /* PrefixHeader.pch */ = {isa = PBXFileReference; lastKnownFileType = sourcecode.c.h; path = PrefixHeader.pch; sourceTree = "<group>"; };
		DD3C9E7E20A992010097FF4B /* HNUSimpleBBS-Bridging-Header.h */ = {isa = PBXFileReference; lastKnownFileType = sourcecode.c.h; path = "HNUSimpleBBS-Bridging-Header.h"; sourceTree = "<group>"; };
		DD6E726720B28AD60009AA9A /* iToast.swift */ = {isa = PBXFileReference; lastKnownFileType = sourcecode.swift; path = iToast.swift; sourceTree = "<group>"; };
		DD7A9EE420AD222A00ABE736 /* BBSTabbar.swift */ = {isa = PBXFileReference; lastKnownFileType = sourcecode.swift; path = BBSTabbar.swift; sourceTree = "<group>"; };
		DD7A9EE820AD2EAE00ABE736 /* IGListKit.framework */ = {isa = PBXFileReference; lastKnownFileType = wrapper.framework; name = IGListKit.framework; path = Carthage/Build/iOS/IGListKit.framework; sourceTree = "<group>"; };
		DD7A9EEA20AD33A700ABE736 /* SnapKit.framework */ = {isa = PBXFileReference; lastKnownFileType = wrapper.framework; name = SnapKit.framework; path = Carthage/Build/iOS/SnapKit.framework; sourceTree = "<group>"; };
		DD7A9EEF20AE603200ABE736 /* AsyncDisplayKit.h */ = {isa = PBXFileReference; lastKnownFileType = sourcecode.c.h; name = AsyncDisplayKit.h; path = HNUSimpleBBS/ThirdLibrarys/Texture/AsyncDisplayKit.h; sourceTree = "<group>"; };
		DD7A9EF120AE609500ABE736 /* AsyncDisplayKit.h */ = {isa = PBXFileReference; lastKnownFileType = sourcecode.c.h; name = AsyncDisplayKit.h; path = HNUSimpleBBS/ThirdLibrarys/AsyncDisplayKit/AsyncDisplayKit.h; sourceTree = "<group>"; };
		DD7A9F1E20AE971500ABE736 /* WeiboViewModel.swift */ = {isa = PBXFileReference; lastKnownFileType = sourcecode.swift; path = WeiboViewModel.swift; sourceTree = "<group>"; };
		DD7A9F2020AEAC6800ABE736 /* WeiboFeedSectionController.swift */ = {isa = PBXFileReference; lastKnownFileType = sourcecode.swift; path = WeiboFeedSectionController.swift; sourceTree = "<group>"; };
		DD7A9F2220AEACEC00ABE736 /* BaseSectionController.swift */ = {isa = PBXFileReference; lastKnownFileType = sourcecode.swift; path = BaseSectionController.swift; sourceTree = "<group>"; };
		DD7A9F6B20B02BA200ABE736 /* DispatchQueue+OnceToken.swift */ = {isa = PBXFileReference; fileEncoding = 4; lastKnownFileType = sourcecode.swift; path = "DispatchQueue+OnceToken.swift"; sourceTree = "<group>"; };
		DD7A9F6C20B02BA200ABE736 /* UIColor+BBSHelper.swift */ = {isa = PBXFileReference; fileEncoding = 4; lastKnownFileType = sourcecode.swift; path = "UIColor+BBSHelper.swift"; sourceTree = "<group>"; };
		DD7A9F6D20B02BA200ABE736 /* UIDevice+BBSHelper.swift */ = {isa = PBXFileReference; fileEncoding = 4; lastKnownFileType = sourcecode.swift; path = "UIDevice+BBSHelper.swift"; sourceTree = "<group>"; };
		DD7A9F6E20B02BA200ABE736 /* UIScrollView+BBSMJRefresh.swift */ = {isa = PBXFileReference; fileEncoding = 4; lastKnownFileType = sourcecode.swift; path = "UIScrollView+BBSMJRefresh.swift"; sourceTree = "<group>"; };
		DD7A9F6F20B02BA200ABE736 /* UIView+BBSHelper.swift */ = {isa = PBXFileReference; fileEncoding = 4; lastKnownFileType = sourcecode.swift; path = "UIView+BBSHelper.swift"; sourceTree = "<group>"; };
		DD7A9F7020B02BA200ABE736 /* UIView+Coordinate.swift */ = {isa = PBXFileReference; fileEncoding = 4; lastKnownFileType = sourcecode.swift; path = "UIView+Coordinate.swift"; sourceTree = "<group>"; };
		DD7A9F7120B02BA200ABE736 /* UIViewController+BBSSupport.swift */ = {isa = PBXFileReference; fileEncoding = 4; lastKnownFileType = sourcecode.swift; path = "UIViewController+BBSSupport.swift"; sourceTree = "<group>"; };
		DD7A9F7B20B02C1300ABE736 /* PublishMessageViewController.swift */ = {isa = PBXFileReference; fileEncoding = 4; lastKnownFileType = sourcecode.swift; path = PublishMessageViewController.swift; sourceTree = "<group>"; };
		DD7A9F8220B03A0C00ABE736 /* BBSSegmentControl.swift */ = {isa = PBXFileReference; lastKnownFileType = sourcecode.swift; path = BBSSegmentControl.swift; sourceTree = "<group>"; };
		DD7A9F8420B03E3200ABE736 /* UIFont+BBSHelper.swift */ = {isa = PBXFileReference; lastKnownFileType = sourcecode.swift; path = "UIFont+BBSHelper.swift"; sourceTree = "<group>"; };
		DDA3D98D20AB0A1A008F5737 /* BBSCommon.swift */ = {isa = PBXFileReference; lastKnownFileType = sourcecode.swift; path = BBSCommon.swift; sourceTree = "<group>"; };
		DDA3D99420AC3B3C008F5737 /* Then.swift */ = {isa = PBXFileReference; lastKnownFileType = sourcecode.swift; path = Then.swift; sourceTree = "<group>"; };
		DDA3D99620AD11CD008F5737 /* ScheduleViewController.swift */ = {isa = PBXFileReference; lastKnownFileType = sourcecode.swift; path = ScheduleViewController.swift; sourceTree = "<group>"; };
		DFBD5D28A3FFA807B2D73B25 /* Pods-HNUSimpleBBS.debug.xcconfig */ = {isa = PBXFileReference; includeInIndex = 1; lastKnownFileType = text.xcconfig; name = "Pods-HNUSimpleBBS.debug.xcconfig"; path = "Pods/Target Support Files/Pods-HNUSimpleBBS/Pods-HNUSimpleBBS.debug.xcconfig"; sourceTree = "<group>"; };
/* End PBXFileReference section */

/* Begin PBXFrameworksBuildPhase section */
		21D350842078FF3200474072 /* Frameworks */ = {
			isa = PBXFrameworksBuildPhase;
			buildActionMask = 2147483647;
			files = (
				F1523913E955FA98C540BA0E /* libPods-HNUSimpleBBS.a in Frameworks */,
			);
			runOnlyForDeploymentPostprocessing = 0;
		};
		21D350982078FF3200474072 /* Frameworks */ = {
			isa = PBXFrameworksBuildPhase;
			buildActionMask = 2147483647;
			files = (
			);
			runOnlyForDeploymentPostprocessing = 0;
		};
		21D350A32078FF3200474072 /* Frameworks */ = {
			isa = PBXFrameworksBuildPhase;
			buildActionMask = 2147483647;
			files = (
			);
			runOnlyForDeploymentPostprocessing = 0;
		};
/* End PBXFrameworksBuildPhase section */

/* Begin PBXGroup section */
		21597CAC20B08D15006A9844 /* Model */ = {
			isa = PBXGroup;
			children = (
				2142FAE620ACA3A300D76153 /* WeiboModel.swift */,
				21597CAD20B2FD11006A9844 /* BaseModel.swift */,
				21597CB120B37ADB006A9844 /* UserModel.swift */,
				21F061AA20B3CE6900EFA1A1 /* CommentModel.swift */,
			);
			path = Model;
			sourceTree = "<group>";
		};
		21D3507E2078FF3200474072 = {
			isa = PBXGroup;
			children = (
				21D350892078FF3200474072 /* HNUSimpleBBS */,
				21D3509E2078FF3200474072 /* HNUSimpleBBSTests */,
				21D350A92078FF3200474072 /* HNUSimpleBBSUITests */,
				21D350882078FF3200474072 /* Products */,
				629B149E7EA6EDE5A67ABEDD /* Pods */,
				9B478E8D91DBDB1ABFAC53E3 /* Frameworks */,
			);
			sourceTree = "<group>";
		};
		21D350882078FF3200474072 /* Products */ = {
			isa = PBXGroup;
			children = (
				21D350872078FF3200474072 /* HNUSimpleBBS.app */,
				21D3509B2078FF3200474072 /* HNUSimpleBBSTests.xctest */,
				21D350A62078FF3200474072 /* HNUSimpleBBSUITests.xctest */,
			);
			name = Products;
			sourceTree = "<group>";
		};
		21D350892078FF3200474072 /* HNUSimpleBBS */ = {
			isa = PBXGroup;
			children = (
				21D350D12079B79000474072 /* Cartfile */,
				DD3C9E6E20A8235C0097FF4B /* Utility */,
				21D350CB2079B4CF00474072 /* Class */,
				DD7A9EEC20AE5EF500ABE736 /* lib */,
				21D3508A2078FF3200474072 /* AppDelegate.swift */,
				21D3508E2078FF3200474072 /* Main.storyboard */,
				21D350912078FF3200474072 /* Assets.xcassets */,
				21D350932078FF3200474072 /* LaunchScreen.storyboard */,
				21D350962078FF3200474072 /* Info.plist */,
			);
			path = HNUSimpleBBS;
			sourceTree = "<group>";
		};
		21D3509E2078FF3200474072 /* HNUSimpleBBSTests */ = {
			isa = PBXGroup;
			children = (
				21D3509F2078FF3200474072 /* HNUSimpleBBSTests.swift */,
				21D350A12078FF3200474072 /* Info.plist */,
			);
			path = HNUSimpleBBSTests;
			sourceTree = "<group>";
		};
		21D350A92078FF3200474072 /* HNUSimpleBBSUITests */ = {
			isa = PBXGroup;
			children = (
				21D350AA2078FF3200474072 /* HNUSimpleBBSUITests.swift */,
				21D350AC2078FF3200474072 /* Info.plist */,
			);
			path = HNUSimpleBBSUITests;
			sourceTree = "<group>";
		};
		21D350C82079B47200474072 /* View */ = {
			isa = PBXGroup;
			children = (
				DD0DA2A220B13C9A009931D5 /* WeiboCellNode.swift */,
				DD0DA2A020B13C5D009931D5 /* TailLoadingNode.swift */,
				21D350D72079B81000474072 /* HomeNewsCell.swift */,
				DD3C9E7820A97E030097FF4B /* BBSNavigationBar.swift */,
				213DF98020AB3E5B006F5C1F /* BBSWindowWithStatusBarUnderlay.swift */,
				DD7A9EE420AD222A00ABE736 /* BBSTabbar.swift */,
				DD7A9F8220B03A0C00ABE736 /* BBSSegmentControl.swift */,
				DD11307320B19A93003C0DFA /* FeedHeaderNode.swift */,
				DD6E726720B28AD60009AA9A /* iToast.swift */,
				21F061AE20B3DD5600EFA1A1 /* MessageNormalCell.swift */,
				21F061B420B681FB00EFA1A1 /* BBSMessageFooterView.swift */,
				21F061B620B7F00200EFA1A1 /* MessageDetailHeaderView.swift */,
				21FC507E20BD99D2002E40BC /* MessageCommentCell.swift */,
				21FC508020BDA4AF002E40BC /* MessageCommentHeaderView.swift */,
				21FC508420BE73BD002E40BC /* MessageReplyView.swift */,
				21FC508820BEBA6E002E40BC /* BBSTextView.swift */,
				21FC508C20BFEEE6002E40BC /* MineNameInputView.swift */,
			);
			path = View;
			sourceTree = "<group>";
		};
		21D350CA2079B49100474072 /* ViewController */ = {
			isa = PBXGroup;
			children = (
				DD7A9F7B20B02C1300ABE736 /* PublishMessageViewController.swift */,
				DD3C9E7A20A986200097FF4B /* BBSViewController.swift */,
				21D350CF2079B75600474072 /* RootViewController.swift */,
				21D350CD2079B50B00474072 /* HomeViewController.swift */,
				21D350D32079B7B800474072 /* MessageViewController.swift */,
				DDA3D99620AD11CD008F5737 /* ScheduleViewController.swift */,
				21D350D52079B7E600474072 /* MineViewController.swift */,
				DD0DA29E20B12268009931D5 /* FeedViewController.swift */,
				DD11307520B19D9B003C0DFA /* LoginModuel.swift */,
				DD11309620B1A98B003C0DFA /* LoginViewController.swift */,
				DD1130AF20B1B78C003C0DFA /* BBSNavigationViewController.swift */,
				21F061B220B5A86E00EFA1A1 /* MessageDetailViewController.swift */,
				21FC508620BE838B002E40BC /* SettingViewController.swift */,
			);
			name = ViewController;
			path = ViewControllers;
			sourceTree = "<group>";
		};
		21D350CB2079B4CF00474072 /* Class */ = {
			isa = PBXGroup;
			children = (
				21597CAC20B08D15006A9844 /* Model */,
				21D350CC2079B4EA00474072 /* ViewModel */,
				21D350C82079B47200474072 /* View */,
				21D350CA2079B49100474072 /* ViewController */,
				DD7A9F1D20AE95E200ABE736 /* SectionController */,
			);
			path = Class;
			sourceTree = "<group>";
		};
		21D350CC2079B4EA00474072 /* ViewModel */ = {
			isa = PBXGroup;
			children = (
				21D350D92079BB4D00474072 /* BaseViewModel.swift */,
				DD7A9F1E20AE971500ABE736 /* WeiboViewModel.swift */,
				21F061AC20B3CF5900EFA1A1 /* MessageViewModel.swift */,
			);
			path = ViewModel;
			sourceTree = "<group>";
		};
		629B149E7EA6EDE5A67ABEDD /* Pods */ = {
			isa = PBXGroup;
			children = (
				DFBD5D28A3FFA807B2D73B25 /* Pods-HNUSimpleBBS.debug.xcconfig */,
				7DE42458D3AE3E27E7B256BC /* Pods-HNUSimpleBBS.release.xcconfig */,
			);
			name = Pods;
			sourceTree = "<group>";
		};
		9B478E8D91DBDB1ABFAC53E3 /* Frameworks */ = {
			isa = PBXGroup;
			children = (
				DD7A9EEF20AE603200ABE736 /* AsyncDisplayKit.h */,
				DD7A9EF120AE609500ABE736 /* AsyncDisplayKit.h */,
				DD7A9EEA20AD33A700ABE736 /* SnapKit.framework */,
				DD7A9EE820AD2EAE00ABE736 /* IGListKit.framework */,
				DD3C9E7420A9755C0097FF4B /* AsyncDisplayKit.framework */,
				21D350C62079B46A00474072 /* SwiftyJSON.framework */,
				21D350C42079B46500474072 /* Observable.framework */,
				21D350C22079B45F00474072 /* ObjectMapper.framework */,
				21D350C02079B45A00474072 /* MBProgressHUD.framework */,
				21D350BE2079B45400474072 /* Kingfisher.framework */,
				21D350BC2079B45000474072 /* IQKeyboardManagerSwift.framework */,
				21D350BA2079B43F00474072 /* IQKeyboardManager.framework */,
				21D350B82079B43A00474072 /* Alamofire.framework */,
				4246BF64B4F650EB68FDE5E9 /* libPods-HNUSimpleBBS.a */,
			);
			name = Frameworks;
			sourceTree = "<group>";
		};
		DD11307720B1A17F003C0DFA /* TransitionButton */ = {
			isa = PBXGroup;
			children = (
				DD11307B20B1A193003C0DFA /* CGRectExtension.swift */,
				DD11307820B1A192003C0DFA /* CustomTransitionViewController.swift */,
				DD11307920B1A192003C0DFA /* FadeTransition.swift */,
				DD11307C20B1A193003C0DFA /* SpinerLayer.swift */,
				DD11307A20B1A193003C0DFA /* TransitionButton.swift */,
			);
			path = TransitionButton;
			sourceTree = "<group>";
		};
		DD11308220B1A968003C0DFA /* LoginCritter */ = {
			isa = PBXGroup;
			children = (
				DD11309720B1A98C003C0DFA /* Helpers */,
				DD11308420B1A98B003C0DFA /* Critter */,
			);
			path = LoginCritter;
			sourceTree = "<group>";
		};
		DD11308420B1A98B003C0DFA /* Critter */ = {
			isa = PBXGroup;
			children = (
				DD11308520B1A98B003C0DFA /* CritterAnimatable.swift */,
				DD11308620B1A98B003C0DFA /* CritterAssets.swift */,
				DD11308720B1A98B003C0DFA /* CritterView.swift */,
				DD11308820B1A98B003C0DFA /* Parts */,
			);
			path = Critter;
			sourceTree = "<group>";
		};
		DD11308820B1A98B003C0DFA /* Parts */ = {
			isa = PBXGroup;
			children = (
				DD11308920B1A98B003C0DFA /* Body.swift */,
				DD11308A20B1A98B003C0DFA /* Head.swift */,
				DD11308B20B1A98B003C0DFA /* LeftArm.swift */,
				DD11308C20B1A98B003C0DFA /* LeftEar.swift */,
				DD11308D20B1A98B003C0DFA /* LeftEarMask.swift */,
				DD11308E20B1A98B003C0DFA /* LeftEye.swift */,
				DD11308F20B1A98B003C0DFA /* Mouth.swift */,
				DD11309020B1A98B003C0DFA /* Muzzle.swift */,
				DD11309120B1A98B003C0DFA /* Nose.swift */,
				DD11309220B1A98B003C0DFA /* RightArm.swift */,
				DD11309320B1A98B003C0DFA /* RightEar.swift */,
				DD11309420B1A98B003C0DFA /* RightEarMask.swift */,
				DD11309520B1A98B003C0DFA /* RightEye.swift */,
			);
			path = Parts;
			sourceTree = "<group>";
		};
		DD11309720B1A98C003C0DFA /* Helpers */ = {
			isa = PBXGroup;
			children = (
				DD11309820B1A98C003C0DFA /* CATransform3D+Helper.swift */,
				DD11309920B1A98C003C0DFA /* Degree.swift */,
				DD11309A20B1A98C003C0DFA /* UIColors+ColorPallete.swift */,
			);
			path = Helpers;
			sourceTree = "<group>";
		};
		DD3C9E6E20A8235C0097FF4B /* Utility */ = {
			isa = PBXGroup;
			children = (
				DD7A9F6A20B02BA200ABE736 /* Category */,
				DD3C9E7D20A990F50097FF4B /* PrefixHeader.pch */,
				DD3C9E7E20A992010097FF4B /* HNUSimpleBBS-Bridging-Header.h */,
				DDA3D98D20AB0A1A008F5737 /* BBSCommon.swift */,
				DDA3D99420AC3B3C008F5737 /* Then.swift */,
				DD11307120B19582003C0DFA /* Network.swift */,
				21FC508A20BFA108002E40BC /* FakeModelCreator.swift */,
			);
			name = Utility;
			path = Ulity;
			sourceTree = "<group>";
		};
		DD7A9EEC20AE5EF500ABE736 /* lib */ = {
			isa = PBXGroup;
			children = (
				DD11308220B1A968003C0DFA /* LoginCritter */,
				DD11307720B1A17F003C0DFA /* TransitionButton */,
			);
			path = lib;
			sourceTree = "<group>";
		};
		DD7A9F1D20AE95E200ABE736 /* SectionController */ = {
			isa = PBXGroup;
			children = (
				DD7A9F2220AEACEC00ABE736 /* BaseSectionController.swift */,
				DD7A9F2020AEAC6800ABE736 /* WeiboFeedSectionController.swift */,
			);
			path = SectionController;
			sourceTree = "<group>";
		};
		DD7A9F6A20B02BA200ABE736 /* Category */ = {
			isa = PBXGroup;
			children = (
				DD7A9F6B20B02BA200ABE736 /* DispatchQueue+OnceToken.swift */,
				DD7A9F6C20B02BA200ABE736 /* UIColor+BBSHelper.swift */,
				DD7A9F6D20B02BA200ABE736 /* UIDevice+BBSHelper.swift */,
				DD7A9F6E20B02BA200ABE736 /* UIScrollView+BBSMJRefresh.swift */,
				DD7A9F6F20B02BA200ABE736 /* UIView+BBSHelper.swift */,
				DD7A9F7020B02BA200ABE736 /* UIView+Coordinate.swift */,
				DD7A9F7120B02BA200ABE736 /* UIViewController+BBSSupport.swift */,
				DD7A9F8420B03E3200ABE736 /* UIFont+BBSHelper.swift */,
				DD0DA2A420B145FF009931D5 /* UIImage+BBSHelper.swift */,
				DD0DA2A620B149BB009931D5 /* NSAttributedString+BBSHelper.swift */,
				21597CAF20B36044006A9844 /* UIApplication+BBSHelper.swift */,
				21F061B020B4F6B900EFA1A1 /* UINavigationController+BBSHelper.swift */,
				21F061B820B83CE500EFA1A1 /* String+BBSHelper.swift */,
			);
			path = Category;
			sourceTree = "<group>";
		};
/* End PBXGroup section */

/* Begin PBXNativeTarget section */
		21D350862078FF3200474072 /* HNUSimpleBBS */ = {
			isa = PBXNativeTarget;
			buildConfigurationList = 21D350AF2078FF3200474072 /* Build configuration list for PBXNativeTarget "HNUSimpleBBS" */;
			buildPhases = (
				AF00857A16F803BC40FCB1F2 /* [CP] Check Pods Manifest.lock */,
				21D350832078FF3200474072 /* Sources */,
				21D350842078FF3200474072 /* Frameworks */,
				21D350852078FF3200474072 /* Resources */,
				F7020CF873DD8E5F2A052995 /* [CP] Embed Pods Frameworks */,
				C60C44E6BE1C21EE116A6C58 /* [CP] Copy Pods Resources */,
				21D350DB207A605B00474072 /* ShellScript */,
			);
			buildRules = (
			);
			dependencies = (
			);
			name = HNUSimpleBBS;
			productName = HNUSimpleBBS;
			productReference = 21D350872078FF3200474072 /* HNUSimpleBBS.app */;
			productType = "com.apple.product-type.application";
		};
		21D3509A2078FF3200474072 /* HNUSimpleBBSTests */ = {
			isa = PBXNativeTarget;
			buildConfigurationList = 21D350B22078FF3200474072 /* Build configuration list for PBXNativeTarget "HNUSimpleBBSTests" */;
			buildPhases = (
				21D350972078FF3200474072 /* Sources */,
				21D350982078FF3200474072 /* Frameworks */,
				21D350992078FF3200474072 /* Resources */,
			);
			buildRules = (
			);
			dependencies = (
				21D3509D2078FF3200474072 /* PBXTargetDependency */,
			);
			name = HNUSimpleBBSTests;
			productName = HNUSimpleBBSTests;
			productReference = 21D3509B2078FF3200474072 /* HNUSimpleBBSTests.xctest */;
			productType = "com.apple.product-type.bundle.unit-test";
		};
		21D350A52078FF3200474072 /* HNUSimpleBBSUITests */ = {
			isa = PBXNativeTarget;
			buildConfigurationList = 21D350B52078FF3200474072 /* Build configuration list for PBXNativeTarget "HNUSimpleBBSUITests" */;
			buildPhases = (
				21D350A22078FF3200474072 /* Sources */,
				21D350A32078FF3200474072 /* Frameworks */,
				21D350A42078FF3200474072 /* Resources */,
			);
			buildRules = (
			);
			dependencies = (
				21D350A82078FF3200474072 /* PBXTargetDependency */,
			);
			name = HNUSimpleBBSUITests;
			productName = HNUSimpleBBSUITests;
			productReference = 21D350A62078FF3200474072 /* HNUSimpleBBSUITests.xctest */;
			productType = "com.apple.product-type.bundle.ui-testing";
		};
/* End PBXNativeTarget section */

/* Begin PBXProject section */
		21D3507F2078FF3200474072 /* Project object */ = {
			isa = PBXProject;
			attributes = {
				LastSwiftUpdateCheck = 0920;
				LastUpgradeCheck = 0920;
				ORGANIZATIONNAME = CodingDoge;
				TargetAttributes = {
					21D350862078FF3200474072 = {
						CreatedOnToolsVersion = 9.2;
						LastSwiftMigration = 0930;
						ProvisioningStyle = Automatic;
					};
					21D3509A2078FF3200474072 = {
						CreatedOnToolsVersion = 9.2;
						ProvisioningStyle = Automatic;
						TestTargetID = 21D350862078FF3200474072;
					};
					21D350A52078FF3200474072 = {
						CreatedOnToolsVersion = 9.2;
						ProvisioningStyle = Automatic;
						TestTargetID = 21D350862078FF3200474072;
					};
				};
			};
			buildConfigurationList = 21D350822078FF3200474072 /* Build configuration list for PBXProject "HNUSimpleBBS" */;
			compatibilityVersion = "Xcode 8.0";
			developmentRegion = en;
			hasScannedForEncodings = 0;
			knownRegions = (
				en,
				Base,
			);
			mainGroup = 21D3507E2078FF3200474072;
			productRefGroup = 21D350882078FF3200474072 /* Products */;
			projectDirPath = "";
			projectRoot = "";
			targets = (
				21D350862078FF3200474072 /* HNUSimpleBBS */,
				21D3509A2078FF3200474072 /* HNUSimpleBBSTests */,
				21D350A52078FF3200474072 /* HNUSimpleBBSUITests */,
			);
		};
/* End PBXProject section */

/* Begin PBXResourcesBuildPhase section */
		21D350852078FF3200474072 /* Resources */ = {
			isa = PBXResourcesBuildPhase;
			buildActionMask = 2147483647;
			files = (
				21D350952078FF3200474072 /* LaunchScreen.storyboard in Resources */,
				21D350922078FF3200474072 /* Assets.xcassets in Resources */,
				21D350D22079B79000474072 /* Cartfile in Resources */,
				21D350902078FF3200474072 /* Main.storyboard in Resources */,
			);
			runOnlyForDeploymentPostprocessing = 0;
		};
		21D350992078FF3200474072 /* Resources */ = {
			isa = PBXResourcesBuildPhase;
			buildActionMask = 2147483647;
			files = (
			);
			runOnlyForDeploymentPostprocessing = 0;
		};
		21D350A42078FF3200474072 /* Resources */ = {
			isa = PBXResourcesBuildPhase;
			buildActionMask = 2147483647;
			files = (
			);
			runOnlyForDeploymentPostprocessing = 0;
		};
/* End PBXResourcesBuildPhase section */

/* Begin PBXShellScriptBuildPhase section */
		21D350DB207A605B00474072 /* ShellScript */ = {
			isa = PBXShellScriptBuildPhase;
			buildActionMask = 2147483647;
			files = (
			);
			inputPaths = (
				"$(SRCROOT)/Carthage/Build/iOS/Alamofire.framework",
				"$(SRCROOT)/Carthage/Build/iOS/IQKeyboardManagerSwift.framework",
				"$(SRCROOT)/Carthage/Build/iOS/Kingfisher.framework",
				"$(SRCROOT)/Carthage/Build/iOS/MBProgressHUD.framework",
				"$(SRCROOT)/Carthage/Build/iOS/ObjectMapper.framework",
				"$(SRCROOT)/Carthage/Build/iOS/SwiftyJSON.framework",
				"$(SRCROOT)/Carthage/Build/iOS/SnapKit.framework",
			);
			outputPaths = (
			);
			runOnlyForDeploymentPostprocessing = 0;
			shellPath = /bin/sh;
			shellScript = "/usr/local/bin/carthage copy-frameworks";
		};
		AF00857A16F803BC40FCB1F2 /* [CP] Check Pods Manifest.lock */ = {
			isa = PBXShellScriptBuildPhase;
			buildActionMask = 2147483647;
			files = (
			);
			inputPaths = (
				"${PODS_PODFILE_DIR_PATH}/Podfile.lock",
				"${PODS_ROOT}/Manifest.lock",
			);
			name = "[CP] Check Pods Manifest.lock";
			outputPaths = (
				"$(DERIVED_FILE_DIR)/Pods-HNUSimpleBBS-checkManifestLockResult.txt",
			);
			runOnlyForDeploymentPostprocessing = 0;
			shellPath = /bin/sh;
			shellScript = "diff \"${PODS_PODFILE_DIR_PATH}/Podfile.lock\" \"${PODS_ROOT}/Manifest.lock\" > /dev/null\nif [ $? != 0 ] ; then\n    # print error to STDERR\n    echo \"error: The sandbox is not in sync with the Podfile.lock. Run 'pod install' or update your CocoaPods installation.\" >&2\n    exit 1\nfi\n# This output is used by Xcode 'outputs' to avoid re-running this script phase.\necho \"SUCCESS\" > \"${SCRIPT_OUTPUT_FILE_0}\"\n";
			showEnvVarsInLog = 0;
		};
		C60C44E6BE1C21EE116A6C58 /* [CP] Copy Pods Resources */ = {
			isa = PBXShellScriptBuildPhase;
			buildActionMask = 2147483647;
			files = (
			);
			inputPaths = (
				"${SRCROOT}/Pods/Target Support Files/Pods-HNUSimpleBBS/Pods-HNUSimpleBBS-resources.sh",
				"${PODS_ROOT}/MJRefresh/MJRefresh/MJRefresh.bundle",
			);
			name = "[CP] Copy Pods Resources";
			outputPaths = (
				"${TARGET_BUILD_DIR}/${UNLOCALIZED_RESOURCES_FOLDER_PATH}/MJRefresh.bundle",
			);
			runOnlyForDeploymentPostprocessing = 0;
			shellPath = /bin/sh;
			shellScript = "\"${SRCROOT}/Pods/Target Support Files/Pods-HNUSimpleBBS/Pods-HNUSimpleBBS-resources.sh\"\n";
			showEnvVarsInLog = 0;
		};
		F7020CF873DD8E5F2A052995 /* [CP] Embed Pods Frameworks */ = {
			isa = PBXShellScriptBuildPhase;
			buildActionMask = 2147483647;
			files = (
			);
			inputPaths = (
			);
			name = "[CP] Embed Pods Frameworks";
			outputPaths = (
			);
			runOnlyForDeploymentPostprocessing = 0;
			shellPath = /bin/sh;
			shellScript = "\"${SRCROOT}/Pods/Target Support Files/Pods-HNUSimpleBBS/Pods-HNUSimpleBBS-frameworks.sh\"\n";
			showEnvVarsInLog = 0;
		};
/* End PBXShellScriptBuildPhase section */

/* Begin PBXSourcesBuildPhase section */
		21D350832078FF3200474072 /* Sources */ = {
			isa = PBXSourcesBuildPhase;
			buildActionMask = 2147483647;
			files = (
				DD11307620B19D9B003C0DFA /* LoginModuel.swift in Sources */,
				DD11307D20B1A194003C0DFA /* CustomTransitionViewController.swift in Sources */,
				DD1130A520B1A98C003C0DFA /* Muzzle.swift in Sources */,
				DD7A9F7C20B02C1300ABE736 /* PublishMessageViewController.swift in Sources */,
				DD11309F20B1A98C003C0DFA /* Head.swift in Sources */,
				DD1130A420B1A98C003C0DFA /* Mouth.swift in Sources */,
				DD7A9F1F20AE971500ABE736 /* WeiboViewModel.swift in Sources */,
				DDA3D99720AD11CD008F5737 /* ScheduleViewController.swift in Sources */,
				DD1130A320B1A98C003C0DFA /* LeftEye.swift in Sources */,
				DD11308020B1A194003C0DFA /* CGRectExtension.swift in Sources */,
				DD0DA2A320B13C9A009931D5 /* WeiboCellNode.swift in Sources */,
				21F061B520B681FB00EFA1A1 /* BBSMessageFooterView.swift in Sources */,
				21D350D62079B7E600474072 /* MineViewController.swift in Sources */,
				DD1130AA20B1A98C003C0DFA /* RightEye.swift in Sources */,
				21FC508920BEBA6F002E40BC /* BBSTextView.swift in Sources */,
				21F061AF20B3DD5600EFA1A1 /* MessageNormalCell.swift in Sources */,
				DD1130A620B1A98C003C0DFA /* Nose.swift in Sources */,
				DD11309D20B1A98C003C0DFA /* CritterView.swift in Sources */,
				21FC508D20BFEEE6002E40BC /* MineNameInputView.swift in Sources */,
				DD7A9F7620B02BA200ABE736 /* UIDevice+BBSHelper.swift in Sources */,
				DD1130AC20B1A98C003C0DFA /* CATransform3D+Helper.swift in Sources */,
				21F061AB20B3CE6900EFA1A1 /* CommentModel.swift in Sources */,
				DD1130A120B1A98C003C0DFA /* LeftEar.swift in Sources */,
				DD6E726820B28AD60009AA9A /* iToast.swift in Sources */,
				21D3508B2078FF3200474072 /* AppDelegate.swift in Sources */,
				DD11309C20B1A98C003C0DFA /* CritterAssets.swift in Sources */,
				DD1130B020B1B78C003C0DFA /* BBSNavigationViewController.swift in Sources */,
				21597CAE20B2FD11006A9844 /* BaseModel.swift in Sources */,
				DD1130A820B1A98C003C0DFA /* RightEar.swift in Sources */,
				21D350CE2079B50B00474072 /* HomeViewController.swift in Sources */,
				21F061AD20B3CF5900EFA1A1 /* MessageViewModel.swift in Sources */,
				21FC508720BE838B002E40BC /* SettingViewController.swift in Sources */,
				21D350DA2079BB4D00474072 /* BaseViewModel.swift in Sources */,
				DD7A9F2320AEACEC00ABE736 /* BaseSectionController.swift in Sources */,
				DD11307F20B1A194003C0DFA /* TransitionButton.swift in Sources */,
				DD11307220B19582003C0DFA /* Network.swift in Sources */,
				21597CB020B36044006A9844 /* UIApplication+BBSHelper.swift in Sources */,
				DD3C9E7B20A986200097FF4B /* BBSViewController.swift in Sources */,
				DD7A9F2120AEAC6800ABE736 /* WeiboFeedSectionController.swift in Sources */,
				21F061B120B4F6B900EFA1A1 /* UINavigationController+BBSHelper.swift in Sources */,
				DD1130A220B1A98C003C0DFA /* LeftEarMask.swift in Sources */,
				DD7A9F7720B02BA200ABE736 /* UIScrollView+BBSMJRefresh.swift in Sources */,
				21FC508B20BFA108002E40BC /* FakeModelCreator.swift in Sources */,
				2142FAE720ACA3A300D76153 /* WeiboModel.swift in Sources */,
				DD1130AD20B1A98C003C0DFA /* Degree.swift in Sources */,
				DD11309B20B1A98C003C0DFA /* CritterAnimatable.swift in Sources */,
				21D350D82079B81000474072 /* HomeNewsCell.swift in Sources */,
				DD7A9F7920B02BA200ABE736 /* UIView+Coordinate.swift in Sources */,
				DD7A9F7A20B02BA200ABE736 /* UIViewController+BBSSupport.swift in Sources */,
				21FC508120BDA4AF002E40BC /* MessageCommentHeaderView.swift in Sources */,
				21FC507F20BD99D2002E40BC /* MessageCommentCell.swift in Sources */,
				DD1130AB20B1A98C003C0DFA /* LoginViewController.swift in Sources */,
				21F061B920B83CE500EFA1A1 /* String+BBSHelper.swift in Sources */,
				DD0DA2A720B149BB009931D5 /* NSAttributedString+BBSHelper.swift in Sources */,
				21F061B720B7F00200EFA1A1 /* MessageDetailHeaderView.swift in Sources */,
				21F061B320B5A86E00EFA1A1 /* MessageDetailViewController.swift in Sources */,
				DD0DA2A120B13C5D009931D5 /* TailLoadingNode.swift in Sources */,
				DD1130A020B1A98C003C0DFA /* LeftArm.swift in Sources */,
				DD7A9F8520B03E3200ABE736 /* UIFont+BBSHelper.swift in Sources */,
				21FC508520BE73BD002E40BC /* MessageReplyView.swift in Sources */,
				DDA3D99520AC3B3C008F5737 /* Then.swift in Sources */,
				DD1130AE20B1A98C003C0DFA /* UIColors+ColorPallete.swift in Sources */,
				DD0DA29F20B12268009931D5 /* FeedViewController.swift in Sources */,
				DD11307420B19A93003C0DFA /* FeedHeaderNode.swift in Sources */,
				DD0DA2A520B145FF009931D5 /* UIImage+BBSHelper.swift in Sources */,
				DD7A9F7520B02BA200ABE736 /* UIColor+BBSHelper.swift in Sources */,
				213DF98120AB3E5B006F5C1F /* BBSWindowWithStatusBarUnderlay.swift in Sources */,
				DDA3D98E20AB0A1A008F5737 /* BBSCommon.swift in Sources */,
				DD11307E20B1A194003C0DFA /* FadeTransition.swift in Sources */,
				DD11308120B1A194003C0DFA /* SpinerLayer.swift in Sources */,
				DD1130A720B1A98C003C0DFA /* RightArm.swift in Sources */,
				DD1130A920B1A98C003C0DFA /* RightEarMask.swift in Sources */,
				21D350D42079B7B800474072 /* MessageViewController.swift in Sources */,
				DD3C9E7920A97E030097FF4B /* BBSNavigationBar.swift in Sources */,
				DD11309E20B1A98C003C0DFA /* Body.swift in Sources */,
				DD7A9F7820B02BA200ABE736 /* UIView+BBSHelper.swift in Sources */,
				21D350D02079B75600474072 /* RootViewController.swift in Sources */,
				DD7A9F7420B02BA200ABE736 /* DispatchQueue+OnceToken.swift in Sources */,
				DD7A9EE520AD222A00ABE736 /* BBSTabbar.swift in Sources */,
				21597CB220B37ADB006A9844 /* UserModel.swift in Sources */,
				DD7A9F8320B03A0C00ABE736 /* BBSSegmentControl.swift in Sources */,
			);
			runOnlyForDeploymentPostprocessing = 0;
		};
		21D350972078FF3200474072 /* Sources */ = {
			isa = PBXSourcesBuildPhase;
			buildActionMask = 2147483647;
			files = (
				21D350A02078FF3200474072 /* HNUSimpleBBSTests.swift in Sources */,
			);
			runOnlyForDeploymentPostprocessing = 0;
		};
		21D350A22078FF3200474072 /* Sources */ = {
			isa = PBXSourcesBuildPhase;
			buildActionMask = 2147483647;
			files = (
				21D350AB2078FF3200474072 /* HNUSimpleBBSUITests.swift in Sources */,
			);
			runOnlyForDeploymentPostprocessing = 0;
		};
/* End PBXSourcesBuildPhase section */

/* Begin PBXTargetDependency section */
		21D3509D2078FF3200474072 /* PBXTargetDependency */ = {
			isa = PBXTargetDependency;
			target = 21D350862078FF3200474072 /* HNUSimpleBBS */;
			targetProxy = 21D3509C2078FF3200474072 /* PBXContainerItemProxy */;
		};
		21D350A82078FF3200474072 /* PBXTargetDependency */ = {
			isa = PBXTargetDependency;
			target = 21D350862078FF3200474072 /* HNUSimpleBBS */;
			targetProxy = 21D350A72078FF3200474072 /* PBXContainerItemProxy */;
		};
/* End PBXTargetDependency section */

/* Begin PBXVariantGroup section */
		21D3508E2078FF3200474072 /* Main.storyboard */ = {
			isa = PBXVariantGroup;
			children = (
				21D3508F2078FF3200474072 /* Base */,
			);
			name = Main.storyboard;
			sourceTree = "<group>";
		};
		21D350932078FF3200474072 /* LaunchScreen.storyboard */ = {
			isa = PBXVariantGroup;
			children = (
				21D350942078FF3200474072 /* Base */,
			);
			name = LaunchScreen.storyboard;
			sourceTree = "<group>";
		};
/* End PBXVariantGroup section */

/* Begin XCBuildConfiguration section */
		21D350AD2078FF3200474072 /* Debug */ = {
			isa = XCBuildConfiguration;
			buildSettings = {
				ALWAYS_SEARCH_USER_PATHS = NO;
				CLANG_ANALYZER_NONNULL = YES;
				CLANG_ANALYZER_NUMBER_OBJECT_CONVERSION = YES_AGGRESSIVE;
				CLANG_CXX_LANGUAGE_STANDARD = "gnu++14";
				CLANG_CXX_LIBRARY = "libc++";
				CLANG_ENABLE_MODULES = YES;
				CLANG_ENABLE_OBJC_ARC = YES;
				CLANG_WARN_BLOCK_CAPTURE_AUTORELEASING = YES;
				CLANG_WARN_BOOL_CONVERSION = YES;
				CLANG_WARN_COMMA = YES;
				CLANG_WARN_CONSTANT_CONVERSION = YES;
				CLANG_WARN_DIRECT_OBJC_ISA_USAGE = YES_ERROR;
				CLANG_WARN_DOCUMENTATION_COMMENTS = YES;
				CLANG_WARN_EMPTY_BODY = YES;
				CLANG_WARN_ENUM_CONVERSION = YES;
				CLANG_WARN_INFINITE_RECURSION = YES;
				CLANG_WARN_INT_CONVERSION = YES;
				CLANG_WARN_NON_LITERAL_NULL_CONVERSION = YES;
				CLANG_WARN_OBJC_LITERAL_CONVERSION = YES;
				CLANG_WARN_OBJC_ROOT_CLASS = YES_ERROR;
				CLANG_WARN_RANGE_LOOP_ANALYSIS = YES;
				CLANG_WARN_STRICT_PROTOTYPES = YES;
				CLANG_WARN_SUSPICIOUS_MOVE = YES;
				CLANG_WARN_UNGUARDED_AVAILABILITY = YES_AGGRESSIVE;
				CLANG_WARN_UNREACHABLE_CODE = YES;
				CLANG_WARN__DUPLICATE_METHOD_MATCH = YES;
				CODE_SIGN_IDENTITY = "iPhone Developer";
				COPY_PHASE_STRIP = NO;
				DEBUG_INFORMATION_FORMAT = dwarf;
				ENABLE_STRICT_OBJC_MSGSEND = YES;
				ENABLE_TESTABILITY = YES;
				GCC_C_LANGUAGE_STANDARD = gnu11;
				GCC_DYNAMIC_NO_PIC = NO;
				GCC_NO_COMMON_BLOCKS = YES;
				GCC_OPTIMIZATION_LEVEL = 0;
				GCC_PREPROCESSOR_DEFINITIONS = (
					"DEBUG=1",
					"$(inherited)",
				);
				GCC_WARN_64_TO_32_BIT_CONVERSION = YES;
				GCC_WARN_ABOUT_RETURN_TYPE = YES_ERROR;
				GCC_WARN_UNDECLARED_SELECTOR = YES;
				GCC_WARN_UNINITIALIZED_AUTOS = YES_AGGRESSIVE;
				GCC_WARN_UNUSED_FUNCTION = YES;
				GCC_WARN_UNUSED_VARIABLE = YES;
				IPHONEOS_DEPLOYMENT_TARGET = 11.2;
				MTL_ENABLE_DEBUG_INFO = YES;
				ONLY_ACTIVE_ARCH = YES;
				SDKROOT = iphoneos;
				SWIFT_ACTIVE_COMPILATION_CONDITIONS = DEBUG;
				SWIFT_OPTIMIZATION_LEVEL = "-Onone";
			};
			name = Debug;
		};
		21D350AE2078FF3200474072 /* Release */ = {
			isa = XCBuildConfiguration;
			buildSettings = {
				ALWAYS_SEARCH_USER_PATHS = NO;
				CLANG_ANALYZER_NONNULL = YES;
				CLANG_ANALYZER_NUMBER_OBJECT_CONVERSION = YES_AGGRESSIVE;
				CLANG_CXX_LANGUAGE_STANDARD = "gnu++14";
				CLANG_CXX_LIBRARY = "libc++";
				CLANG_ENABLE_MODULES = YES;
				CLANG_ENABLE_OBJC_ARC = YES;
				CLANG_WARN_BLOCK_CAPTURE_AUTORELEASING = YES;
				CLANG_WARN_BOOL_CONVERSION = YES;
				CLANG_WARN_COMMA = YES;
				CLANG_WARN_CONSTANT_CONVERSION = YES;
				CLANG_WARN_DIRECT_OBJC_ISA_USAGE = YES_ERROR;
				CLANG_WARN_DOCUMENTATION_COMMENTS = YES;
				CLANG_WARN_EMPTY_BODY = YES;
				CLANG_WARN_ENUM_CONVERSION = YES;
				CLANG_WARN_INFINITE_RECURSION = YES;
				CLANG_WARN_INT_CONVERSION = YES;
				CLANG_WARN_NON_LITERAL_NULL_CONVERSION = YES;
				CLANG_WARN_OBJC_LITERAL_CONVERSION = YES;
				CLANG_WARN_OBJC_ROOT_CLASS = YES_ERROR;
				CLANG_WARN_RANGE_LOOP_ANALYSIS = YES;
				CLANG_WARN_STRICT_PROTOTYPES = YES;
				CLANG_WARN_SUSPICIOUS_MOVE = YES;
				CLANG_WARN_UNGUARDED_AVAILABILITY = YES_AGGRESSIVE;
				CLANG_WARN_UNREACHABLE_CODE = YES;
				CLANG_WARN__DUPLICATE_METHOD_MATCH = YES;
				CODE_SIGN_IDENTITY = "iPhone Developer";
				COPY_PHASE_STRIP = NO;
				DEBUG_INFORMATION_FORMAT = "dwarf-with-dsym";
				ENABLE_NS_ASSERTIONS = NO;
				ENABLE_STRICT_OBJC_MSGSEND = YES;
				GCC_C_LANGUAGE_STANDARD = gnu11;
				GCC_NO_COMMON_BLOCKS = YES;
				GCC_WARN_64_TO_32_BIT_CONVERSION = YES;
				GCC_WARN_ABOUT_RETURN_TYPE = YES_ERROR;
				GCC_WARN_UNDECLARED_SELECTOR = YES;
				GCC_WARN_UNINITIALIZED_AUTOS = YES_AGGRESSIVE;
				GCC_WARN_UNUSED_FUNCTION = YES;
				GCC_WARN_UNUSED_VARIABLE = YES;
				IPHONEOS_DEPLOYMENT_TARGET = 11.2;
				MTL_ENABLE_DEBUG_INFO = NO;
				SDKROOT = iphoneos;
				SWIFT_OPTIMIZATION_LEVEL = "-Owholemodule";
				VALIDATE_PRODUCT = YES;
			};
			name = Release;
		};
		21D350B02078FF3200474072 /* Debug */ = {
			isa = XCBuildConfiguration;
			baseConfigurationReference = DFBD5D28A3FFA807B2D73B25 /* Pods-HNUSimpleBBS.debug.xcconfig */;
			buildSettings = {
				ASSETCATALOG_COMPILER_APPICON_NAME = AppIcon;
				CLANG_ENABLE_MODULES = YES;
				CODE_SIGN_STYLE = Automatic;
				DEVELOPMENT_TEAM = 77VA832VG5;
				FRAMEWORK_SEARCH_PATHS = (
					"$(inherited)",
					"$(PROJECT_DIR)/Carthage/Build/iOS",
				);
				GCC_PRECOMPILE_PREFIX_HEADER = YES;
				GCC_PREFIX_HEADER = "$(SRCROOT)/HNUSimpleBBS/PrefixHeader.pch";
				INFOPLIST_FILE = HNUSimpleBBS/Info.plist;
				LD_RUNPATH_SEARCH_PATHS = "$(inherited) @executable_path/Frameworks";
				PRODUCT_BUNDLE_IDENTIFIER = codingdoge.appID;
				PRODUCT_NAME = "$(TARGET_NAME)";
				SWIFT_OBJC_BRIDGING_HEADER = "HNUSimpleBBS/Ulity/HNUSimpleBBS-Bridging-Header.h";
				SWIFT_OPTIMIZATION_LEVEL = "-Onone";
				SWIFT_VERSION = 4.0;
				TARGETED_DEVICE_FAMILY = "1,2";
			};
			name = Debug;
		};
		21D350B12078FF3200474072 /* Release */ = {
			isa = XCBuildConfiguration;
			baseConfigurationReference = 7DE42458D3AE3E27E7B256BC /* Pods-HNUSimpleBBS.release.xcconfig */;
			buildSettings = {
				ASSETCATALOG_COMPILER_APPICON_NAME = AppIcon;
				CLANG_ENABLE_MODULES = YES;
				CODE_SIGN_STYLE = Automatic;
				DEVELOPMENT_TEAM = 77VA832VG5;
				FRAMEWORK_SEARCH_PATHS = (
					"$(inherited)",
					"$(PROJECT_DIR)/Carthage/Build/iOS",
				);
				GCC_PRECOMPILE_PREFIX_HEADER = YES;
				GCC_PREFIX_HEADER = "$(SRCROOT)/HNUSimpleBBS/PrefixHeader.pch";
				INFOPLIST_FILE = HNUSimpleBBS/Info.plist;
				LD_RUNPATH_SEARCH_PATHS = "$(inherited) @executable_path/Frameworks";
				PRODUCT_BUNDLE_IDENTIFIER = codingdoge.appID;
				PRODUCT_NAME = "$(TARGET_NAME)";
				SWIFT_OBJC_BRIDGING_HEADER = "HNUSimpleBBS/Ulity/HNUSimpleBBS-Bridging-Header.h";
				SWIFT_VERSION = 4.0;
				TARGETED_DEVICE_FAMILY = "1,2";
			};
			name = Release;
		};
		21D350B32078FF3200474072 /* Debug */ = {
			isa = XCBuildConfiguration;
			buildSettings = {
				ALWAYS_EMBED_SWIFT_STANDARD_LIBRARIES = YES;
				BUNDLE_LOADER = "$(TEST_HOST)";
				CODE_SIGN_STYLE = Automatic;
				DEVELOPMENT_TEAM = 77VA832VG5;
				INFOPLIST_FILE = HNUSimpleBBSTests/Info.plist;
				LD_RUNPATH_SEARCH_PATHS = "$(inherited) @executable_path/Frameworks @loader_path/Frameworks";
				PRODUCT_BUNDLE_IDENTIFIER = CodingDoge.HNU.HNUSimpleBBSTests;
				PRODUCT_NAME = "$(TARGET_NAME)";
				SWIFT_VERSION = 4.0;
				TARGETED_DEVICE_FAMILY = "1,2";
				TEST_HOST = "$(BUILT_PRODUCTS_DIR)/HNUSimpleBBS.app/HNUSimpleBBS";
			};
			name = Debug;
		};
		21D350B42078FF3200474072 /* Release */ = {
			isa = XCBuildConfiguration;
			buildSettings = {
				ALWAYS_EMBED_SWIFT_STANDARD_LIBRARIES = YES;
				BUNDLE_LOADER = "$(TEST_HOST)";
				CODE_SIGN_STYLE = Automatic;
				DEVELOPMENT_TEAM = 77VA832VG5;
				INFOPLIST_FILE = HNUSimpleBBSTests/Info.plist;
				LD_RUNPATH_SEARCH_PATHS = "$(inherited) @executable_path/Frameworks @loader_path/Frameworks";
				PRODUCT_BUNDLE_IDENTIFIER = CodingDoge.HNU.HNUSimpleBBSTests;
				PRODUCT_NAME = "$(TARGET_NAME)";
				SWIFT_VERSION = 4.0;
				TARGETED_DEVICE_FAMILY = "1,2";
				TEST_HOST = "$(BUILT_PRODUCTS_DIR)/HNUSimpleBBS.app/HNUSimpleBBS";
			};
			name = Release;
		};
		21D350B62078FF3200474072 /* Debug */ = {
			isa = XCBuildConfiguration;
			buildSettings = {
				ALWAYS_EMBED_SWIFT_STANDARD_LIBRARIES = YES;
				CODE_SIGN_STYLE = Automatic;
				DEVELOPMENT_TEAM = 77VA832VG5;
				INFOPLIST_FILE = HNUSimpleBBSUITests/Info.plist;
				LD_RUNPATH_SEARCH_PATHS = "$(inherited) @executable_path/Frameworks @loader_path/Frameworks";
				PRODUCT_BUNDLE_IDENTIFIER = CodingDoge.HNU.HNUSimpleBBSUITests;
				PRODUCT_NAME = "$(TARGET_NAME)";
				SWIFT_VERSION = 4.0;
				TARGETED_DEVICE_FAMILY = "1,2";
				TEST_TARGET_NAME = HNUSimpleBBS;
			};
			name = Debug;
		};
		21D350B72078FF3200474072 /* Release */ = {
			isa = XCBuildConfiguration;
			buildSettings = {
				ALWAYS_EMBED_SWIFT_STANDARD_LIBRARIES = YES;
				CODE_SIGN_STYLE = Automatic;
				DEVELOPMENT_TEAM = 77VA832VG5;
				INFOPLIST_FILE = HNUSimpleBBSUITests/Info.plist;
				LD_RUNPATH_SEARCH_PATHS = "$(inherited) @executable_path/Frameworks @loader_path/Frameworks";
				PRODUCT_BUNDLE_IDENTIFIER = CodingDoge.HNU.HNUSimpleBBSUITests;
				PRODUCT_NAME = "$(TARGET_NAME)";
				SWIFT_VERSION = 4.0;
				TARGETED_DEVICE_FAMILY = "1,2";
				TEST_TARGET_NAME = HNUSimpleBBS;
			};
			name = Release;
		};
/* End XCBuildConfiguration section */

/* Begin XCConfigurationList section */
		21D350822078FF3200474072 /* Build configuration list for PBXProject "HNUSimpleBBS" */ = {
			isa = XCConfigurationList;
			buildConfigurations = (
				21D350AD2078FF3200474072 /* Debug */,
				21D350AE2078FF3200474072 /* Release */,
			);
			defaultConfigurationIsVisible = 0;
			defaultConfigurationName = Release;
		};
		21D350AF2078FF3200474072 /* Build configuration list for PBXNativeTarget "HNUSimpleBBS" */ = {
			isa = XCConfigurationList;
			buildConfigurations = (
				21D350B02078FF3200474072 /* Debug */,
				21D350B12078FF3200474072 /* Release */,
			);
			defaultConfigurationIsVisible = 0;
			defaultConfigurationName = Release;
		};
		21D350B22078FF3200474072 /* Build configuration list for PBXNativeTarget "HNUSimpleBBSTests" */ = {
			isa = XCConfigurationList;
			buildConfigurations = (
				21D350B32078FF3200474072 /* Debug */,
				21D350B42078FF3200474072 /* Release */,
			);
			defaultConfigurationIsVisible = 0;
			defaultConfigurationName = Release;
		};
		21D350B52078FF3200474072 /* Build configuration list for PBXNativeTarget "HNUSimpleBBSUITests" */ = {
			isa = XCConfigurationList;
			buildConfigurations = (
				21D350B62078FF3200474072 /* Debug */,
				21D350B72078FF3200474072 /* Release */,
			);
			defaultConfigurationIsVisible = 0;
			defaultConfigurationName = Release;
		};
/* End XCConfigurationList section */
	};
	rootObject = 21D3507F2078FF3200474072 /* Project object */;
}
